// !$*UTF8*$!
{
	archiveVersion = 1;
	classes = {
	};
	objectVersion = 48;
	objects = {

/* Begin PBXBuildFile section */
		1A5240D8B881FF1BEAD0DB8C /* libPods-StripeTest.a in Frameworks */ = {isa = PBXBuildFile; fileRef = 0343EAD3D6B25BFC918F5D89 /* libPods-StripeTest.a */; };
		7125D6B41FD295C30078F485 /* mobile.connect.framework in Frameworks */ = {isa = PBXBuildFile; fileRef = 7125D6B31FD295C30078F485 /* mobile.connect.framework */; };
		7125D6B61FD295E00078F485 /* mobile.connect-resources.bundle in Resources */ = {isa = PBXBuildFile; fileRef = 7125D6B51FD295E00078F485 /* mobile.connect-resources.bundle */; };
		7125D6C21FD62AF10078F485 /* OPPWAMobile.framework in Frameworks */ = {isa = PBXBuildFile; fileRef = 7125D6C11FD62AF10078F485 /* OPPWAMobile.framework */; };
		7125D6C41FD62B1B0078F485 /* OPPWAMobile-Resources.bundle in Resources */ = {isa = PBXBuildFile; fileRef = 7125D6C31FD62B1B0078F485 /* OPPWAMobile-Resources.bundle */; };
		718AAF1E1FB1AD0300CA0D1B /* AppDelegate.m in Sources */ = {isa = PBXBuildFile; fileRef = 718AAF1D1FB1AD0300CA0D1B /* AppDelegate.m */; };
		718AAF211FB1AD0300CA0D1B /* ViewController.m in Sources */ = {isa = PBXBuildFile; fileRef = 718AAF201FB1AD0300CA0D1B /* ViewController.m */; };
		718AAF241FB1AD0300CA0D1B /* Main.storyboard in Resources */ = {isa = PBXBuildFile; fileRef = 718AAF221FB1AD0300CA0D1B /* Main.storyboard */; };
		718AAF261FB1AD0300CA0D1B /* Assets.xcassets in Resources */ = {isa = PBXBuildFile; fileRef = 718AAF251FB1AD0300CA0D1B /* Assets.xcassets */; };
		718AAF291FB1AD0300CA0D1B /* LaunchScreen.storyboard in Resources */ = {isa = PBXBuildFile; fileRef = 718AAF271FB1AD0300CA0D1B /* LaunchScreen.storyboard */; };
		718AAF2C1FB1AD0300CA0D1B /* main.m in Sources */ = {isa = PBXBuildFile; fileRef = 718AAF2B1FB1AD0300CA0D1B /* main.m */; };
		718AAF381FB1B82700CA0D1B /* RDLoginVC.m in Sources */ = {isa = PBXBuildFile; fileRef = 718AAF361FB1B82600CA0D1B /* RDLoginVC.m */; };
		718AAF3B1FB1B9D500CA0D1B /* RDActivityButton.m in Sources */ = {isa = PBXBuildFile; fileRef = 718AAF391FB1B9D300CA0D1B /* RDActivityButton.m */; };
		718AAF411FB1DEFB00CA0D1B /* GoogleService-Info.plist in Resources */ = {isa = PBXBuildFile; fileRef = 718AAF401FB1DEFB00CA0D1B /* GoogleService-Info.plist */; };
/* End PBXBuildFile section */

/* Begin PBXFileReference section */
		00C74D748A39814EFC14375A /* Pods-StripeTest.release.xcconfig */ = {isa = PBXFileReference; includeInIndex = 1; lastKnownFileType = text.xcconfig; name = "Pods-StripeTest.release.xcconfig"; path = "Pods/Target Support Files/Pods-StripeTest/Pods-StripeTest.release.xcconfig"; sourceTree = "<group>"; };
		0343EAD3D6B25BFC918F5D89 /* libPods-StripeTest.a */ = {isa = PBXFileReference; explicitFileType = archive.ar; includeInIndex = 0; path = "libPods-StripeTest.a"; sourceTree = BUILT_PRODUCTS_DIR; };
		7125D6B31FD295C30078F485 /* mobile.connect.framework */ = {isa = PBXFileReference; lastKnownFileType = wrapper.framework; path = mobile.connect.framework; sourceTree = "<group>"; };
		7125D6B51FD295E00078F485 /* mobile.connect-resources.bundle */ = {isa = PBXFileReference; lastKnownFileType = "wrapper.plug-in"; path = "mobile.connect-resources.bundle"; sourceTree = "<group>"; };
		7125D6B71FD296830078F485 /* Security.framework */ = {isa = PBXFileReference; lastKnownFileType = wrapper.framework; name = Security.framework; path = System/Library/Frameworks/Security.framework; sourceTree = SDKROOT; };
		7125D6B81FD296AB0078F485 /* SystemConfiguration.framework */ = {isa = PBXFileReference; lastKnownFileType = wrapper.framework; name = SystemConfiguration.framework; path = System/Library/Frameworks/SystemConfiguration.framework; sourceTree = SDKROOT; };
		7125D6C11FD62AF10078F485 /* OPPWAMobile.framework */ = {isa = PBXFileReference; lastKnownFileType = wrapper.framework; path = OPPWAMobile.framework; sourceTree = "<group>"; };
		7125D6C31FD62B1B0078F485 /* OPPWAMobile-Resources.bundle */ = {isa = PBXFileReference; lastKnownFileType = "wrapper.plug-in"; path = "OPPWAMobile-Resources.bundle"; sourceTree = "<group>"; };
		718AAF191FB1AD0300CA0D1B /* StripeTest.app */ = {isa = PBXFileReference; explicitFileType = wrapper.application; includeInIndex = 0; path = StripeTest.app; sourceTree = BUILT_PRODUCTS_DIR; };
		718AAF1C1FB1AD0300CA0D1B /* AppDelegate.h */ = {isa = PBXFileReference; lastKnownFileType = sourcecode.c.h; path = AppDelegate.h; sourceTree = "<group>"; };
		718AAF1D1FB1AD0300CA0D1B /* AppDelegate.m */ = {isa = PBXFileReference; lastKnownFileType = sourcecode.c.objc; path = AppDelegate.m; sourceTree = "<group>"; };
		718AAF1F1FB1AD0300CA0D1B /* ViewController.h */ = {isa = PBXFileReference; lastKnownFileType = sourcecode.c.h; path = ViewController.h; sourceTree = "<group>"; };
		718AAF201FB1AD0300CA0D1B /* ViewController.m */ = {isa = PBXFileReference; lastKnownFileType = sourcecode.c.objc; path = ViewController.m; sourceTree = "<group>"; };
		718AAF231FB1AD0300CA0D1B /* Base */ = {isa = PBXFileReference; lastKnownFileType = file.storyboard; name = Base; path = Base.lproj/Main.storyboard; sourceTree = "<group>"; };
		718AAF251FB1AD0300CA0D1B /* Assets.xcassets */ = {isa = PBXFileReference; lastKnownFileType = folder.assetcatalog; path = Assets.xcassets; sourceTree = "<group>"; };
		718AAF281FB1AD0300CA0D1B /* Base */ = {isa = PBXFileReference; lastKnownFileType = file.storyboard; name = Base; path = Base.lproj/LaunchScreen.storyboard; sourceTree = "<group>"; };
		718AAF2A1FB1AD0300CA0D1B /* Info.plist */ = {isa = PBXFileReference; lastKnownFileType = text.plist.xml; path = Info.plist; sourceTree = "<group>"; };
		718AAF2B1FB1AD0300CA0D1B /* main.m */ = {isa = PBXFileReference; lastKnownFileType = sourcecode.c.objc; path = main.m; sourceTree = "<group>"; };
		718AAF361FB1B82600CA0D1B /* RDLoginVC.m */ = {isa = PBXFileReference; fileEncoding = 4; lastKnownFileType = sourcecode.c.objc; path = RDLoginVC.m; sourceTree = "<group>"; };
		718AAF371FB1B82600CA0D1B /* RDLoginVC.h */ = {isa = PBXFileReference; fileEncoding = 4; lastKnownFileType = sourcecode.c.h; path = RDLoginVC.h; sourceTree = "<group>"; };
		718AAF391FB1B9D300CA0D1B /* RDActivityButton.m */ = {isa = PBXFileReference; fileEncoding = 4; lastKnownFileType = sourcecode.c.objc; path = RDActivityButton.m; sourceTree = "<group>"; };
		718AAF3A1FB1B9D500CA0D1B /* RDActivityButton.h */ = {isa = PBXFileReference; fileEncoding = 4; lastKnownFileType = sourcecode.c.h; path = RDActivityButton.h; sourceTree = "<group>"; };
		718AAF401FB1DEFB00CA0D1B /* GoogleService-Info.plist */ = {isa = PBXFileReference; fileEncoding = 4; lastKnownFileType = text.plist.xml; path = "GoogleService-Info.plist"; sourceTree = "<group>"; };
		D7A53B1A75382090834EE955 /* Pods-StripeTest.debug.xcconfig */ = {isa = PBXFileReference; includeInIndex = 1; lastKnownFileType = text.xcconfig; name = "Pods-StripeTest.debug.xcconfig"; path = "Pods/Target Support Files/Pods-StripeTest/Pods-StripeTest.debug.xcconfig"; sourceTree = "<group>"; };
/* End PBXFileReference section */

/* Begin PBXFrameworksBuildPhase section */
		718AAF161FB1AD0300CA0D1B /* Frameworks */ = {
			isa = PBXFrameworksBuildPhase;
			buildActionMask = 2147483647;
			files = (
				7125D6B41FD295C30078F485 /* mobile.connect.framework in Frameworks */,
				7125D6C21FD62AF10078F485 /* OPPWAMobile.framework in Frameworks */,
				1A5240D8B881FF1BEAD0DB8C /* libPods-StripeTest.a in Frameworks */,
			);
			runOnlyForDeploymentPostprocessing = 0;
		};
/* End PBXFrameworksBuildPhase section */

/* Begin PBXGroup section */
		6D4A3AEC788FC3F7E83FBC95 /* Pods */ = {
			isa = PBXGroup;
			children = (
				D7A53B1A75382090834EE955 /* Pods-StripeTest.debug.xcconfig */,
				00C74D748A39814EFC14375A /* Pods-StripeTest.release.xcconfig */,
			);
			name = Pods;
			sourceTree = "<group>";
		};
		718AAF101FB1AD0300CA0D1B = {
			isa = PBXGroup;
			children = (
				718AAF1B1FB1AD0300CA0D1B /* StripeTest */,
				718AAF1A1FB1AD0300CA0D1B /* Products */,
				6D4A3AEC788FC3F7E83FBC95 /* Pods */,
				72A78365C093D89FD3C9EFA8 /* Frameworks */,
			);
			sourceTree = "<group>";
		};
		718AAF1A1FB1AD0300CA0D1B /* Products */ = {
			isa = PBXGroup;
			children = (
				718AAF191FB1AD0300CA0D1B /* StripeTest.app */,
			);
			name = Products;
			sourceTree = "<group>";
		};
		718AAF1B1FB1AD0300CA0D1B /* StripeTest */ = {
			isa = PBXGroup;
			children = (
				718AAF1C1FB1AD0300CA0D1B /* AppDelegate.h */,
				718AAF1D1FB1AD0300CA0D1B /* AppDelegate.m */,
				718AAF1F1FB1AD0300CA0D1B /* ViewController.h */,
				718AAF201FB1AD0300CA0D1B /* ViewController.m */,
				718AAF371FB1B82600CA0D1B /* RDLoginVC.h */,
				718AAF361FB1B82600CA0D1B /* RDLoginVC.m */,
				718AAF3A1FB1B9D500CA0D1B /* RDActivityButton.h */,
				718AAF391FB1B9D300CA0D1B /* RDActivityButton.m */,
				718AAF221FB1AD0300CA0D1B /* Main.storyboard */,
				718AAF251FB1AD0300CA0D1B /* Assets.xcassets */,
				718AAF271FB1AD0300CA0D1B /* LaunchScreen.storyboard */,
				718AAF2A1FB1AD0300CA0D1B /* Info.plist */,
				718AAF2B1FB1AD0300CA0D1B /* main.m */,
				718AAF401FB1DEFB00CA0D1B /* GoogleService-Info.plist */,
			);
			path = StripeTest;
			sourceTree = "<group>";
		};
		72A78365C093D89FD3C9EFA8 /* Frameworks */ = {
			isa = PBXGroup;
			children = (
				7125D6C31FD62B1B0078F485 /* OPPWAMobile-Resources.bundle */,
				7125D6C11FD62AF10078F485 /* OPPWAMobile.framework */,
				7125D6B81FD296AB0078F485 /* SystemConfiguration.framework */,
				7125D6B71FD296830078F485 /* Security.framework */,
				7125D6B51FD295E00078F485 /* mobile.connect-resources.bundle */,
				7125D6B31FD295C30078F485 /* mobile.connect.framework */,
				0343EAD3D6B25BFC918F5D89 /* libPods-StripeTest.a */,
			);
			name = Frameworks;
			sourceTree = "<group>";
		};
/* End PBXGroup section */

/* Begin PBXNativeTarget section */
		718AAF181FB1AD0300CA0D1B /* StripeTest */ = {
			isa = PBXNativeTarget;
			buildConfigurationList = 718AAF2F1FB1AD0300CA0D1B /* Build configuration list for PBXNativeTarget "StripeTest" */;
			buildPhases = (
				FE11F9CE2967FC7BCD20FAE5 /* [CP] Check Pods Manifest.lock */,
				718AAF151FB1AD0300CA0D1B /* Sources */,
				718AAF161FB1AD0300CA0D1B /* Frameworks */,
				718AAF171FB1AD0300CA0D1B /* Resources */,
				2703F6B17EBF99CA320445FF /* [CP] Embed Pods Frameworks */,
				26CE414A219C0FF5951B066D /* [CP] Copy Pods Resources */,
			);
			buildRules = (
			);
			dependencies = (
			);
			name = StripeTest;
			productName = StripeTest;
			productReference = 718AAF191FB1AD0300CA0D1B /* StripeTest.app */;
			productType = "com.apple.product-type.application";
		};
/* End PBXNativeTarget section */

/* Begin PBXProject section */
		718AAF111FB1AD0300CA0D1B /* Project object */ = {
			isa = PBXProject;
			attributes = {
				LastUpgradeCheck = 0910;
				ORGANIZATIONNAME = "Ray de Rose";
				TargetAttributes = {
					718AAF181FB1AD0300CA0D1B = {
						CreatedOnToolsVersion = 9.1;
						ProvisioningStyle = Automatic;
					};
				};
			};
			buildConfigurationList = 718AAF141FB1AD0300CA0D1B /* Build configuration list for PBXProject "StripeTest" */;
			compatibilityVersion = "Xcode 8.0";
			developmentRegion = en;
			hasScannedForEncodings = 0;
			knownRegions = (
				en,
				Base,
			);
			mainGroup = 718AAF101FB1AD0300CA0D1B;
			productRefGroup = 718AAF1A1FB1AD0300CA0D1B /* Products */;
			projectDirPath = "";
			projectRoot = "";
			targets = (
				718AAF181FB1AD0300CA0D1B /* StripeTest */,
			);
		};
/* End PBXProject section */

/* Begin PBXResourcesBuildPhase section */
		718AAF171FB1AD0300CA0D1B /* Resources */ = {
			isa = PBXResourcesBuildPhase;
			buildActionMask = 2147483647;
			files = (
				718AAF411FB1DEFB00CA0D1B /* GoogleService-Info.plist in Resources */,
				718AAF291FB1AD0300CA0D1B /* LaunchScreen.storyboard in Resources */,
				718AAF261FB1AD0300CA0D1B /* Assets.xcassets in Resources */,
				718AAF241FB1AD0300CA0D1B /* Main.storyboard in Resources */,
				7125D6B61FD295E00078F485 /* mobile.connect-resources.bundle in Resources */,
				7125D6C41FD62B1B0078F485 /* OPPWAMobile-Resources.bundle in Resources */,
			);
			runOnlyForDeploymentPostprocessing = 0;
		};
/* End PBXResourcesBuildPhase section */

/* Begin PBXShellScriptBuildPhase section */
		26CE414A219C0FF5951B066D /* [CP] Copy Pods Resources */ = {
			isa = PBXShellScriptBuildPhase;
			buildActionMask = 2147483647;
			files = (
			);
			inputPaths = (
				"${SRCROOT}/Pods/Target Support Files/Pods-StripeTest/Pods-StripeTest-resources.sh",
				"${PODS_ROOT}/GTMOAuth2/Source/Touch/GTMOAuth2ViewTouch.xib",
				"${PODS_ROOT}/GoogleSignIn/Resources/GoogleSignIn.bundle",
				$PODS_CONFIGURATION_BUILD_DIR/Stripe/Stripe.bundle,
			);
			name = "[CP] Copy Pods Resources";
			outputPaths = (
				"${TARGET_BUILD_DIR}/${UNLOCALIZED_RESOURCES_FOLDER_PATH}",
			);
			runOnlyForDeploymentPostprocessing = 0;
			shellPath = /bin/sh;
			shellScript = "\"${SRCROOT}/Pods/Target Support Files/Pods-StripeTest/Pods-StripeTest-resources.sh\"\n";
			showEnvVarsInLog = 0;
		};
		2703F6B17EBF99CA320445FF /* [CP] Embed Pods Frameworks */ = {
			isa = PBXShellScriptBuildPhase;
			buildActionMask = 2147483647;
			files = (
			);
			inputPaths = (
			);
			name = "[CP] Embed Pods Frameworks";
			outputPaths = (
			);
			runOnlyForDeploymentPostprocessing = 0;
			shellPath = /bin/sh;
			shellScript = "\"${SRCROOT}/Pods/Target Support Files/Pods-StripeTest/Pods-StripeTest-frameworks.sh\"\n";
			showEnvVarsInLog = 0;
		};
		FE11F9CE2967FC7BCD20FAE5 /* [CP] Check Pods Manifest.lock */ = {
			isa = PBXShellScriptBuildPhase;
			buildActionMask = 2147483647;
			files = (
			);
			inputPaths = (
				"${PODS_PODFILE_DIR_PATH}/Podfile.lock",
				"${PODS_ROOT}/Manifest.lock",
			);
			name = "[CP] Check Pods Manifest.lock";
			outputPaths = (
				"$(DERIVED_FILE_DIR)/Pods-StripeTest-checkManifestLockResult.txt",
			);
			runOnlyForDeploymentPostprocessing = 0;
			shellPath = /bin/sh;
			shellScript = "diff \"${PODS_PODFILE_DIR_PATH}/Podfile.lock\" \"${PODS_ROOT}/Manifest.lock\" > /dev/null\nif [ $? != 0 ] ; then\n    # print error to STDERR\n    echo \"error: The sandbox is not in sync with the Podfile.lock. Run 'pod install' or update your CocoaPods installation.\" >&2\n    exit 1\nfi\n# This output is used by Xcode 'outputs' to avoid re-running this script phase.\necho \"SUCCESS\" > \"${SCRIPT_OUTPUT_FILE_0}\"\n";
			showEnvVarsInLog = 0;
		};
/* End PBXShellScriptBuildPhase section */

/* Begin PBXSourcesBuildPhase section */
		718AAF151FB1AD0300CA0D1B /* Sources */ = {
			isa = PBXSourcesBuildPhase;
			buildActionMask = 2147483647;
			files = (
				718AAF211FB1AD0300CA0D1B /* ViewController.m in Sources */,
				718AAF2C1FB1AD0300CA0D1B /* main.m in Sources */,
				718AAF381FB1B82700CA0D1B /* RDLoginVC.m in Sources */,
				718AAF3B1FB1B9D500CA0D1B /* RDActivityButton.m in Sources */,
				718AAF1E1FB1AD0300CA0D1B /* AppDelegate.m in Sources */,
			);
			runOnlyForDeploymentPostprocessing = 0;
		};
/* End PBXSourcesBuildPhase section */

/* Begin PBXVariantGroup section */
		718AAF221FB1AD0300CA0D1B /* Main.storyboard */ = {
			isa = PBXVariantGroup;
			children = (
				718AAF231FB1AD0300CA0D1B /* Base */,
			);
			name = Main.storyboard;
			sourceTree = "<group>";
		};
		718AAF271FB1AD0300CA0D1B /* LaunchScreen.storyboard */ = {
			isa = PBXVariantGroup;
			children = (
				718AAF281FB1AD0300CA0D1B /* Base */,
			);
			name = LaunchScreen.storyboard;
			sourceTree = "<group>";
		};
/* End PBXVariantGroup section */

/* Begin XCBuildConfiguration section */
		718AAF2D1FB1AD0300CA0D1B /* Debug */ = {
			isa = XCBuildConfiguration;
			buildSettings = {
				ALWAYS_SEARCH_USER_PATHS = NO;
				CLANG_ANALYZER_NONNULL = YES;
				CLANG_ANALYZER_NUMBER_OBJECT_CONVERSION = YES_AGGRESSIVE;
				CLANG_CXX_LANGUAGE_STANDARD = "gnu++14";
				CLANG_CXX_LIBRARY = "libc++";
				CLANG_ENABLE_MODULES = YES;
				CLANG_ENABLE_OBJC_ARC = YES;
				CLANG_WARN_BLOCK_CAPTURE_AUTORELEASING = YES;
				CLANG_WARN_BOOL_CONVERSION = YES;
				CLANG_WARN_COMMA = YES;
				CLANG_WARN_CONSTANT_CONVERSION = YES;
				CLANG_WARN_DIRECT_OBJC_ISA_USAGE = YES_ERROR;
				CLANG_WARN_DOCUMENTATION_COMMENTS = YES;
				CLANG_WARN_EMPTY_BODY = YES;
				CLANG_WARN_ENUM_CONVERSION = YES;
				CLANG_WARN_INFINITE_RECURSION = YES;
				CLANG_WARN_INT_CONVERSION = YES;
				CLANG_WARN_NON_LITERAL_NULL_CONVERSION = YES;
				CLANG_WARN_OBJC_LITERAL_CONVERSION = YES;
				CLANG_WARN_OBJC_ROOT_CLASS = YES_ERROR;
				CLANG_WARN_RANGE_LOOP_ANALYSIS = YES;
				CLANG_WARN_STRICT_PROTOTYPES = YES;
				CLANG_WARN_SUSPICIOUS_MOVE = YES;
				CLANG_WARN_UNGUARDED_AVAILABILITY = YES_AGGRESSIVE;
				CLANG_WARN_UNREACHABLE_CODE = YES;
				CLANG_WARN__DUPLICATE_METHOD_MATCH = YES;
				CODE_SIGN_IDENTITY = "iPhone Developer";
				COPY_PHASE_STRIP = NO;
				DEBUG_INFORMATION_FORMAT = dwarf;
				ENABLE_STRICT_OBJC_MSGSEND = YES;
				ENABLE_TESTABILITY = YES;
				GCC_C_LANGUAGE_STANDARD = gnu11;
				GCC_DYNAMIC_NO_PIC = NO;
				GCC_NO_COMMON_BLOCKS = YES;
				GCC_OPTIMIZATION_LEVEL = 0;
				GCC_PREPROCESSOR_DEFINITIONS = (
					"DEBUG=1",
					"$(inherited)",
				);
				GCC_WARN_64_TO_32_BIT_CONVERSION = YES;
				GCC_WARN_ABOUT_RETURN_TYPE = YES_ERROR;
				GCC_WARN_UNDECLARED_SELECTOR = YES;
				GCC_WARN_UNINITIALIZED_AUTOS = YES_AGGRESSIVE;
				GCC_WARN_UNUSED_FUNCTION = YES;
				GCC_WARN_UNUSED_VARIABLE = YES;
				IPHONEOS_DEPLOYMENT_TARGET = 11.1;
				MTL_ENABLE_DEBUG_INFO = YES;
				ONLY_ACTIVE_ARCH = YES;
				SDKROOT = iphoneos;
			};
			name = Debug;
		};
		718AAF2E1FB1AD0300CA0D1B /* Release */ = {
			isa = XCBuildConfiguration;
			buildSettings = {
				ALWAYS_SEARCH_USER_PATHS = NO;
				CLANG_ANALYZER_NONNULL = YES;
				CLANG_ANALYZER_NUMBER_OBJECT_CONVERSION = YES_AGGRESSIVE;
				CLANG_CXX_LANGUAGE_STANDARD = "gnu++14";
				CLANG_CXX_LIBRARY = "libc++";
				CLANG_ENABLE_MODULES = YES;
				CLANG_ENABLE_OBJC_ARC = YES;
				CLANG_WARN_BLOCK_CAPTURE_AUTORELEASING = YES;
				CLANG_WARN_BOOL_CONVERSION = YES;
				CLANG_WARN_COMMA = YES;
				CLANG_WARN_CONSTANT_CONVERSION = YES;
				CLANG_WARN_DIRECT_OBJC_ISA_USAGE = YES_ERROR;
				CLANG_WARN_DOCUMENTATION_COMMENTS = YES;
				CLANG_WARN_EMPTY_BODY = YES;
				CLANG_WARN_ENUM_CONVERSION = YES;
				CLANG_WARN_INFINITE_RECURSION = YES;
				CLANG_WARN_INT_CONVERSION = YES;
				CLANG_WARN_NON_LITERAL_NULL_CONVERSION = YES;
				CLANG_WARN_OBJC_LITERAL_CONVERSION = YES;
				CLANG_WARN_OBJC_ROOT_CLASS = YES_ERROR;
				CLANG_WARN_RANGE_LOOP_ANALYSIS = YES;
				CLANG_WARN_STRICT_PROTOTYPES = YES;
				CLANG_WARN_SUSPICIOUS_MOVE = YES;
				CLANG_WARN_UNGUARDED_AVAILABILITY = YES_AGGRESSIVE;
				CLANG_WARN_UNREACHABLE_CODE = YES;
				CLANG_WARN__DUPLICATE_METHOD_MATCH = YES;
				CODE_SIGN_IDENTITY = "iPhone Developer";
				COPY_PHASE_STRIP = NO;
				DEBUG_INFORMATION_FORMAT = "dwarf-with-dsym";
				ENABLE_NS_ASSERTIONS = NO;
				ENABLE_STRICT_OBJC_MSGSEND = YES;
				GCC_C_LANGUAGE_STANDARD = gnu11;
				GCC_NO_COMMON_BLOCKS = YES;
				GCC_WARN_64_TO_32_BIT_CONVERSION = YES;
				GCC_WARN_ABOUT_RETURN_TYPE = YES_ERROR;
				GCC_WARN_UNDECLARED_SELECTOR = YES;
				GCC_WARN_UNINITIALIZED_AUTOS = YES_AGGRESSIVE;
				GCC_WARN_UNUSED_FUNCTION = YES;
				GCC_WARN_UNUSED_VARIABLE = YES;
				IPHONEOS_DEPLOYMENT_TARGET = 11.1;
				MTL_ENABLE_DEBUG_INFO = NO;
				SDKROOT = iphoneos;
				VALIDATE_PRODUCT = YES;
			};
			name = Release;
		};
		718AAF301FB1AD0300CA0D1B /* Debug */ = {
			isa = XCBuildConfiguration;
			baseConfigurationReference = D7A53B1A75382090834EE955 /* Pods-StripeTest.debug.xcconfig */;
			buildSettings = {
				ASSETCATALOG_COMPILER_APPICON_NAME = AppIcon;
				CODE_SIGN_STYLE = Automatic;
				DEVELOPMENT_TEAM = H2QT6QRK39;
				FRAMEWORK_SEARCH_PATHS = (
					"$(inherited)",
					"$(PROJECT_DIR)",
				);
				INFOPLIST_FILE = StripeTest/Info.plist;
				IPHONEOS_DEPLOYMENT_TARGET = 9.3;
				LD_RUNPATH_SEARCH_PATHS = "$(inherited) @executable_path/Frameworks";
				PRODUCT_BUNDLE_IDENTIFIER = com.easeAppSoftware.StripeTest;
				PRODUCT_NAME = "$(TARGET_NAME)";
				TARGETED_DEVICE_FAMILY = "1,2";
			};
			name = Debug;
		};
		718AAF311FB1AD0300CA0D1B /* Release */ = {
			isa = XCBuildConfiguration;
			baseConfigurationReference = 00C74D748A39814EFC14375A /* Pods-StripeTest.release.xcconfig */;
			buildSettings = {
				ASSETCATALOG_COMPILER_APPICON_NAME = AppIcon;
				CODE_SIGN_STYLE = Automatic;
				DEVELOPMENT_TEAM = H2QT6QRK39;
				FRAMEWORK_SEARCH_PATHS = (
					"$(inherited)",
					"$(PROJECT_DIR)",
				);
				INFOPLIST_FILE = StripeTest/Info.plist;
				IPHONEOS_DEPLOYMENT_TARGET = 9.3;
				LD_RUNPATH_SEARCH_PATHS = "$(inherited) @executable_path/Frameworks";
				PRODUCT_BUNDLE_IDENTIFIER = com.easeAppSoftware.StripeTest;
				PRODUCT_NAME = "$(TARGET_NAME)";
				TARGETED_DEVICE_FAMILY = "1,2";
			};
			name = Release;
		};
/* End XCBuildConfiguration section */

/* Begin XCConfigurationList section */
		718AAF141FB1AD0300CA0D1B /* Build configuration list for PBXProject "StripeTest" */ = {
			isa = XCConfigurationList;
			buildConfigurations = (
				718AAF2D1FB1AD0300CA0D1B /* Debug */,
				718AAF2E1FB1AD0300CA0D1B /* Release */,
			);
			defaultConfigurationIsVisible = 0;
			defaultConfigurationName = Release;
		};
		718AAF2F1FB1AD0300CA0D1B /* Build configuration list for PBXNativeTarget "StripeTest" */ = {
			isa = XCConfigurationList;
			buildConfigurations = (
				718AAF301FB1AD0300CA0D1B /* Debug */,
				718AAF311FB1AD0300CA0D1B /* Release */,
			);
			defaultConfigurationIsVisible = 0;
			defaultConfigurationName = Release;
		};
/* End XCConfigurationList section */
	};
	rootObject = 718AAF111FB1AD0300CA0D1B /* Project object */;
}
